
Microsoft Visual Studio Solution File, Format Version 12.00
# Visual Studio Version 16
VisualStudioVersion = 16.0.31515.178
MinimumVisualStudioVersion = 10.0.40219.1
Project("{9A19103F-16F7-4668-BE54-9A1E7A4F7556}") = "Prueba-test-api", "Prueba-test-api\Prueba-test-api.csproj", "{50CDD5B2-B13C-4B1E-AA3F-0729C4F0C964}"
EndProject
Project("{9A19103F-16F7-4668-BE54-9A1E7A4F7556}") = "BLL", "BLL\BLL.csproj", "{BE209D60-58D0-43BA-9F6E-80B22E8491A2}"
EndProject
Project("{9A19103F-16F7-4668-BE54-9A1E7A4F7556}") = "DAL", "DAL\DAL.csproj", "{EB74CFA0-F12F-4987-B325-DDA19A6D9A0B}"
EndProject
Project("{FAE04EC0-301F-11D3-BF4B-00C04F79EFBC}") = "Entity", "Entity\Entity.csproj", "{6EBED36F-C30A-43C9-AEA1-156E98CE4E7C}"
EndProject
Global
	GlobalSection(SolutionConfigurationPlatforms) = preSolution
		Debug|Any CPU = Debug|Any CPU
		Release|Any CPU = Release|Any CPU
	EndGlobalSection
	GlobalSection(ProjectConfigurationPlatforms) = postSolution
		{50CDD5B2-B13C-4B1E-AA3F-0729C4F0C964}.Debug|Any CPU.ActiveCfg = Debug|Any CPU
		{50CDD5B2-B13C-4B1E-AA3F-0729C4F0C964}.Debug|Any CPU.Build.0 = Debug|Any CPU
		{50CDD5B2-B13C-4B1E-AA3F-0729C4F0C964}.Release|Any CPU.ActiveCfg = Release|Any CPU
		{50CDD5B2-B13C-4B1E-AA3F-0729C4F0C964}.Release|Any CPU.Build.0 = Release|Any CPU
		{BE209D60-58D0-43BA-9F6E-80B22E8491A2}.Debug|Any CPU.ActiveCfg = Debug|Any CPU
		{BE209D60-58D0-43BA-9F6E-80B22E8491A2}.Debug|Any CPU.Build.0 = Debug|Any CPU
		{BE209D60-58D0-43BA-9F6E-80B22E8491A2}.Release|Any CPU.ActiveCfg = Release|Any CPU
		{BE209D60-58D0-43BA-9F6E-80B22E8491A2}.Release|Any CPU.Build.0 = Release|Any CPU
		{EB74CFA0-F12F-4987-B325-DDA19A6D9A0B}.Debug|Any CPU.ActiveCfg = Debug|Any CPU
		{EB74CFA0-F12F-4987-B325-DDA19A6D9A0B}.Debug|Any CPU.Build.0 = Debug|Any CPU
		{EB74CFA0-F12F-4987-B325-DDA19A6D9A0B}.Release|Any CPU.ActiveCfg = Release|Any CPU
		{EB74CFA0-F12F-4987-B325-DDA19A6D9A0B}.Release|Any CPU.Build.0 = Release|Any CPU
		{6EBED36F-C30A-43C9-AEA1-156E98CE4E7C}.Debug|Any CPU.ActiveCfg = Debug|Any CPU
		{6EBED36F-C30A-43C9-AEA1-156E98CE4E7C}.Debug|Any CPU.Build.0 = Debug|Any CPU
		{6EBED36F-C30A-43C9-AEA1-156E98CE4E7C}.Release|Any CPU.ActiveCfg = Release|Any CPU
		{6EBED36F-C30A-43C9-AEA1-156E98CE4E7C}.Release|Any CPU.Build.0 = Release|Any CPU
	EndGlobalSection
	GlobalSection(SolutionProperties) = preSolution
		HideSolutionNode = FALSE
	EndGlobalSection
	GlobalSection(ExtensibilityGlobals) = postSolution
		SolutionGuid = {DB458CE3-E74C-4127-B831-781A85B822B4}
	EndGlobalSection
EndGlobal
